// !$*UTF8*$!
{
	archiveVersion = 1;
	classes = {
	};
	objectVersion = 46;
	objects = {

/* Begin PBXAggregateTarget section */
		"ControlGameKit::ControlGameKitPackageTests::ProductTarget" /* ControlGameKitPackageTests */ = {
			isa = PBXAggregateTarget;
			buildConfigurationList = OBJ_43 /* Build configuration list for PBXAggregateTarget "ControlGameKitPackageTests" */;
			buildPhases = (
			);
			dependencies = (
				OBJ_46 /* PBXTargetDependency */,
			);
			name = ControlGameKitPackageTests;
			productName = ControlGameKitPackageTests;
		};
/* End PBXAggregateTarget section */

/* Begin PBXBuildFile section */
		8BA48E3424FC3C10004D70A9 /* Joystick.swift in Sources */ = {isa = PBXBuildFile; fileRef = 8BA48E2824FC3C10004D70A9 /* Joystick.swift */; };
		8BA48E3524FC3C10004D70A9 /* JoystickLink.swift in Sources */ = {isa = PBXBuildFile; fileRef = 8BA48E2924FC3C10004D70A9 /* JoystickLink.swift */; };
		8BA48E3624FC3C10004D70A9 /* JoystickButtons.swift in Sources */ = {isa = PBXBuildFile; fileRef = 8BA48E2B24FC3C10004D70A9 /* JoystickButtons.swift */; };
		8BA48E3724FC3C10004D70A9 /* ButtonAction.swift in Sources */ = {isa = PBXBuildFile; fileRef = 8BA48E2C24FC3C10004D70A9 /* ButtonAction.swift */; };
		8BA48E3824FC3C10004D70A9 /* JoystickThumbstick.swift in Sources */ = {isa = PBXBuildFile; fileRef = 8BA48E2D24FC3C10004D70A9 /* JoystickThumbstick.swift */; };
		8BA48E3924FC3C10004D70A9 /* JoystickDpad.swift in Sources */ = {isa = PBXBuildFile; fileRef = 8BA48E3224FC3C10004D70A9 /* JoystickDpad.swift */; };
		8BA48E3A24FC3C10004D70A9 /* DirectionalAction.swift in Sources */ = {isa = PBXBuildFile; fileRef = 8BA48E3324FC3C10004D70A9 /* DirectionalAction.swift */; };
		OBJ_41 /* Package.swift in Sources */ = {isa = PBXBuildFile; fileRef = OBJ_6 /* Package.swift */; };
		OBJ_52 /* ControlGameKitButtonsTests.swift in Sources */ = {isa = PBXBuildFile; fileRef = OBJ_13 /* ControlGameKitButtonsTests.swift */; };
		OBJ_53 /* ControlGameKitDirectionalTests.swift in Sources */ = {isa = PBXBuildFile; fileRef = OBJ_14 /* ControlGameKitDirectionalTests.swift */; };
		OBJ_54 /* ControlGameKitThumbstickTests.swift in Sources */ = {isa = PBXBuildFile; fileRef = OBJ_15 /* ControlGameKitThumbstickTests.swift */; };
		OBJ_55 /* DeallocationTests.swift in Sources */ = {isa = PBXBuildFile; fileRef = OBJ_16 /* DeallocationTests.swift */; };
		OBJ_56 /* JoystickLinkTests.swift in Sources */ = {isa = PBXBuildFile; fileRef = OBJ_17 /* JoystickLinkTests.swift */; };
		OBJ_57 /* GCControllerDirectionPadMock+Dpad.swift in Sources */ = {isa = PBXBuildFile; fileRef = OBJ_20 /* GCControllerDirectionPadMock+Dpad.swift */; };
		OBJ_58 /* GCExtendedGamepadMock+Actions.swift in Sources */ = {isa = PBXBuildFile; fileRef = OBJ_21 /* GCExtendedGamepadMock+Actions.swift */; };
		OBJ_59 /* GCControllerDirectionPadMock.swift in Sources */ = {isa = PBXBuildFile; fileRef = OBJ_22 /* GCControllerDirectionPadMock.swift */; };
		OBJ_60 /* GCControllerMock.swift in Sources */ = {isa = PBXBuildFile; fileRef = OBJ_23 /* GCControllerMock.swift */; };
		OBJ_61 /* GCExtendedGamepadMock.swift in Sources */ = {isa = PBXBuildFile; fileRef = OBJ_24 /* GCExtendedGamepadMock.swift */; };
		OBJ_63 /* ControlGameKit.framework in Frameworks */ = {isa = PBXBuildFile; fileRef = "ControlGameKit::ControlGameKit::Product" /* ControlGameKit.framework */; };
/* End PBXBuildFile section */

/* Begin PBXContainerItemProxy section */
		8BA48E2524FC3BC9004D70A9 /* PBXContainerItemProxy */ = {
			isa = PBXContainerItemProxy;
			containerPortal = OBJ_1 /* Project object */;
			proxyType = 1;
			remoteGlobalIDString = "ControlGameKit::ControlGameKit";
			remoteInfo = ControlGameKit;
		};
		8BA48E2624FC3BCB004D70A9 /* PBXContainerItemProxy */ = {
			isa = PBXContainerItemProxy;
			containerPortal = OBJ_1 /* Project object */;
			proxyType = 1;
			remoteGlobalIDString = "ControlGameKit::ControlGameKitTests";
			remoteInfo = ControlGameKitTests;
		};
/* End PBXContainerItemProxy section */

/* Begin PBXFileReference section */
		8BA48E2824FC3C10004D70A9 /* Joystick.swift */ = {isa = PBXFileReference; fileEncoding = 4; lastKnownFileType = sourcecode.swift; path = Joystick.swift; sourceTree = "<group>"; };
		8BA48E2924FC3C10004D70A9 /* JoystickLink.swift */ = {isa = PBXFileReference; fileEncoding = 4; lastKnownFileType = sourcecode.swift; path = JoystickLink.swift; sourceTree = "<group>"; };
		8BA48E2B24FC3C10004D70A9 /* JoystickButtons.swift */ = {isa = PBXFileReference; fileEncoding = 4; lastKnownFileType = sourcecode.swift; path = JoystickButtons.swift; sourceTree = "<group>"; };
		8BA48E2C24FC3C10004D70A9 /* ButtonAction.swift */ = {isa = PBXFileReference; fileEncoding = 4; lastKnownFileType = sourcecode.swift; path = ButtonAction.swift; sourceTree = "<group>"; };
		8BA48E2D24FC3C10004D70A9 /* JoystickThumbstick.swift */ = {isa = PBXFileReference; fileEncoding = 4; lastKnownFileType = sourcecode.swift; path = JoystickThumbstick.swift; sourceTree = "<group>"; };
		8BA48E2E24FC3C10004D70A9 /* ControlGameKit.h */ = {isa = PBXFileReference; fileEncoding = 4; lastKnownFileType = sourcecode.c.h; name = ControlGameKit.h; path = Source/ControlGameKit/ControlGameKit.h; sourceTree = SOURCE_ROOT; };
		8BA48E3024FC3C10004D70A9 /* Info.plist */ = {isa = PBXFileReference; fileEncoding = 4; lastKnownFileType = text.plist.xml; path = Info.plist; sourceTree = "<group>"; };
		8BA48E3224FC3C10004D70A9 /* JoystickDpad.swift */ = {isa = PBXFileReference; fileEncoding = 4; lastKnownFileType = sourcecode.swift; path = JoystickDpad.swift; sourceTree = "<group>"; };
		8BA48E3324FC3C10004D70A9 /* DirectionalAction.swift */ = {isa = PBXFileReference; fileEncoding = 4; lastKnownFileType = sourcecode.swift; path = DirectionalAction.swift; sourceTree = "<group>"; };
		"ControlGameKit::ControlGameKit::Product" /* ControlGameKit.framework */ = {isa = PBXFileReference; explicitFileType = wrapper.framework; path = ControlGameKit.framework; sourceTree = BUILT_PRODUCTS_DIR; };
		"ControlGameKit::ControlGameKitTests::Product" /* ControlGameKitTests.xctest */ = {isa = PBXFileReference; lastKnownFileType = file; path = ControlGameKitTests.xctest; sourceTree = BUILT_PRODUCTS_DIR; };
		OBJ_12 /* Info.plist */ = {isa = PBXFileReference; lastKnownFileType = text.plist.xml; path = Info.plist; sourceTree = "<group>"; };
		OBJ_13 /* ControlGameKitButtonsTests.swift */ = {isa = PBXFileReference; lastKnownFileType = sourcecode.swift; path = ControlGameKitButtonsTests.swift; sourceTree = "<group>"; };
		OBJ_14 /* ControlGameKitDirectionalTests.swift */ = {isa = PBXFileReference; lastKnownFileType = sourcecode.swift; path = ControlGameKitDirectionalTests.swift; sourceTree = "<group>"; };
		OBJ_15 /* ControlGameKitThumbstickTests.swift */ = {isa = PBXFileReference; lastKnownFileType = sourcecode.swift; path = ControlGameKitThumbstickTests.swift; sourceTree = "<group>"; };
		OBJ_16 /* DeallocationTests.swift */ = {isa = PBXFileReference; lastKnownFileType = sourcecode.swift; path = DeallocationTests.swift; sourceTree = "<group>"; };
		OBJ_17 /* JoystickLinkTests.swift */ = {isa = PBXFileReference; lastKnownFileType = sourcecode.swift; path = JoystickLinkTests.swift; sourceTree = "<group>"; };
		OBJ_20 /* GCControllerDirectionPadMock+Dpad.swift */ = {isa = PBXFileReference; lastKnownFileType = sourcecode.swift; path = "GCControllerDirectionPadMock+Dpad.swift"; sourceTree = "<group>"; };
		OBJ_21 /* GCExtendedGamepadMock+Actions.swift */ = {isa = PBXFileReference; lastKnownFileType = sourcecode.swift; path = "GCExtendedGamepadMock+Actions.swift"; sourceTree = "<group>"; };
		OBJ_22 /* GCControllerDirectionPadMock.swift */ = {isa = PBXFileReference; lastKnownFileType = sourcecode.swift; path = GCControllerDirectionPadMock.swift; sourceTree = "<group>"; };
		OBJ_23 /* GCControllerMock.swift */ = {isa = PBXFileReference; lastKnownFileType = sourcecode.swift; path = GCControllerMock.swift; sourceTree = "<group>"; };
		OBJ_24 /* GCExtendedGamepadMock.swift */ = {isa = PBXFileReference; lastKnownFileType = sourcecode.swift; path = GCExtendedGamepadMock.swift; sourceTree = "<group>"; };
		OBJ_28 /* README.md */ = {isa = PBXFileReference; lastKnownFileType = net.daringfireball.markdown; path = README.md; sourceTree = "<group>"; };
		OBJ_6 /* Package.swift */ = {isa = PBXFileReference; explicitFileType = sourcecode.swift; path = Package.swift; sourceTree = "<group>"; };
/* End PBXFileReference section */

/* Begin PBXFrameworksBuildPhase section */
		OBJ_35 /* Frameworks */ = {
			isa = PBXFrameworksBuildPhase;
			buildActionMask = 0;
			files = (
			);
			runOnlyForDeploymentPostprocessing = 0;
		};
		OBJ_62 /* Frameworks */ = {
			isa = PBXFrameworksBuildPhase;
			buildActionMask = 0;
			files = (
				OBJ_63 /* ControlGameKit.framework in Frameworks */,
			);
			runOnlyForDeploymentPostprocessing = 0;
		};
/* End PBXFrameworksBuildPhase section */

/* Begin PBXGroup section */
		8BA48E2724FC3C10004D70A9 /* Joystick */ = {
			isa = PBXGroup;
			children = (
				8BA48E2824FC3C10004D70A9 /* Joystick.swift */,
				8BA48E2924FC3C10004D70A9 /* JoystickLink.swift */,
			);
			name = Joystick;
			path = Source/ControlGameKit/Joystick;
			sourceTree = SOURCE_ROOT;
		};
		8BA48E2A24FC3C10004D70A9 /* Buttons */ = {
			isa = PBXGroup;
			children = (
				8BA48E2B24FC3C10004D70A9 /* JoystickButtons.swift */,
				8BA48E2C24FC3C10004D70A9 /* ButtonAction.swift */,
				8BA48E2D24FC3C10004D70A9 /* JoystickThumbstick.swift */,
			);
			name = Buttons;
			path = Source/ControlGameKit/Buttons;
			sourceTree = SOURCE_ROOT;
		};
		8BA48E2F24FC3C10004D70A9 /* Resources */ = {
			isa = PBXGroup;
			children = (
				8BA48E3024FC3C10004D70A9 /* Info.plist */,
			);
			name = Resources;
			path = Source/ControlGameKit/Resources;
			sourceTree = SOURCE_ROOT;
		};
		8BA48E3124FC3C10004D70A9 /* Dpad */ = {
			isa = PBXGroup;
			children = (
				8BA48E3224FC3C10004D70A9 /* JoystickDpad.swift */,
				8BA48E3324FC3C10004D70A9 /* DirectionalAction.swift */,
			);
			name = Dpad;
			path = Source/ControlGameKit/Dpad;
			sourceTree = SOURCE_ROOT;
		};
		OBJ_10 /* Tests */ = {
			isa = PBXGroup;
			children = (
				OBJ_11 /* ControlGameKitTests */,
			);
			name = Tests;
			sourceTree = SOURCE_ROOT;
		};
		OBJ_11 /* ControlGameKitTests */ = {
			isa = PBXGroup;
			children = (
				OBJ_12 /* Info.plist */,
				OBJ_13 /* ControlGameKitButtonsTests.swift */,
				OBJ_14 /* ControlGameKitDirectionalTests.swift */,
				OBJ_15 /* ControlGameKitThumbstickTests.swift */,
				OBJ_16 /* DeallocationTests.swift */,
				OBJ_17 /* JoystickLinkTests.swift */,
				OBJ_18 /* Mock */,
			);
			name = ControlGameKitTests;
			path = Tests/ControlGameKitTests;
			sourceTree = SOURCE_ROOT;
		};
		OBJ_18 /* Mock */ = {
			isa = PBXGroup;
			children = (
				OBJ_19 /* Extentions */,
				OBJ_22 /* GCControllerDirectionPadMock.swift */,
				OBJ_23 /* GCControllerMock.swift */,
				OBJ_24 /* GCExtendedGamepadMock.swift */,
			);
			path = Mock;
			sourceTree = "<group>";
		};
		OBJ_19 /* Extentions */ = {
			isa = PBXGroup;
			children = (
				OBJ_20 /* GCControllerDirectionPadMock+Dpad.swift */,
				OBJ_21 /* GCExtendedGamepadMock+Actions.swift */,
			);
			path = Extentions;
			sourceTree = "<group>";
		};
		OBJ_25 /* Products */ = {
			isa = PBXGroup;
			children = (
				"ControlGameKit::ControlGameKit::Product" /* ControlGameKit.framework */,
				"ControlGameKit::ControlGameKitTests::Product" /* ControlGameKitTests.xctest */,
			);
			name = Products;
			sourceTree = BUILT_PRODUCTS_DIR;
		};
		OBJ_5 = {
			isa = PBXGroup;
			children = (
				OBJ_6 /* Package.swift */,
				OBJ_7 /* Sources */,
				OBJ_10 /* Tests */,
				OBJ_25 /* Products */,
				OBJ_28 /* README.md */,
			);
			sourceTree = "<group>";
		};
		OBJ_7 /* Sources */ = {
			isa = PBXGroup;
			children = (
				OBJ_8 /* ControlGameKit */,
			);
			name = Sources;
			sourceTree = SOURCE_ROOT;
		};
		OBJ_8 /* ControlGameKit */ = {
			isa = PBXGroup;
			children = (
				8BA48E2A24FC3C10004D70A9 /* Buttons */,
				8BA48E2E24FC3C10004D70A9 /* ControlGameKit.h */,
				8BA48E3124FC3C10004D70A9 /* Dpad */,
				8BA48E2724FC3C10004D70A9 /* Joystick */,
				8BA48E2F24FC3C10004D70A9 /* Resources */,
			);
			name = ControlGameKit;
			path = Sources/ControlGameKit;
			sourceTree = SOURCE_ROOT;
		};
/* End PBXGroup section */

/* Begin PBXNativeTarget section */
		"ControlGameKit::ControlGameKit" /* ControlGameKit */ = {
			isa = PBXNativeTarget;
			buildConfigurationList = OBJ_30 /* Build configuration list for PBXNativeTarget "ControlGameKit" */;
			buildPhases = (
				OBJ_33 /* Sources */,
				OBJ_35 /* Frameworks */,
			);
			buildRules = (
			);
			dependencies = (
			);
			name = ControlGameKit;
			productName = ControlGameKit;
			productReference = "ControlGameKit::ControlGameKit::Product" /* ControlGameKit.framework */;
			productType = "com.apple.product-type.framework";
		};
		"ControlGameKit::ControlGameKitTests" /* ControlGameKitTests */ = {
			isa = PBXNativeTarget;
			buildConfigurationList = OBJ_48 /* Build configuration list for PBXNativeTarget "ControlGameKitTests" */;
			buildPhases = (
				OBJ_51 /* Sources */,
				OBJ_62 /* Frameworks */,
			);
			buildRules = (
			);
			dependencies = (
				OBJ_64 /* PBXTargetDependency */,
			);
			name = ControlGameKitTests;
			productName = ControlGameKitTests;
			productReference = "ControlGameKit::ControlGameKitTests::Product" /* ControlGameKitTests.xctest */;
			productType = "com.apple.product-type.bundle.unit-test";
		};
		"ControlGameKit::SwiftPMPackageDescription" /* ControlGameKitPackageDescription */ = {
			isa = PBXNativeTarget;
			buildConfigurationList = OBJ_37 /* Build configuration list for PBXNativeTarget "ControlGameKitPackageDescription" */;
			buildPhases = (
				OBJ_40 /* Sources */,
			);
			buildRules = (
			);
			dependencies = (
			);
			name = ControlGameKitPackageDescription;
			productName = ControlGameKitPackageDescription;
			productType = "com.apple.product-type.framework";
		};
/* End PBXNativeTarget section */

/* Begin PBXProject section */
		OBJ_1 /* Project object */ = {
			isa = PBXProject;
			attributes = {
				LastSwiftMigration = 9999;
				LastUpgradeCheck = 9999;
			};
			buildConfigurationList = OBJ_2 /* Build configuration list for PBXProject "ControlGameKit" */;
			compatibilityVersion = "Xcode 3.2";
			developmentRegion = en;
			hasScannedForEncodings = 0;
			knownRegions = (
				en,
			);
			mainGroup = OBJ_5;
			productRefGroup = OBJ_25 /* Products */;
			projectDirPath = "";
			projectRoot = "";
			targets = (
				"ControlGameKit::ControlGameKit" /* ControlGameKit */,
				"ControlGameKit::SwiftPMPackageDescription" /* ControlGameKitPackageDescription */,
				"ControlGameKit::ControlGameKitPackageTests::ProductTarget" /* ControlGameKitPackageTests */,
				"ControlGameKit::ControlGameKitTests" /* ControlGameKitTests */,
			);
		};
/* End PBXProject section */

/* Begin PBXSourcesBuildPhase section */
		OBJ_33 /* Sources */ = {
			isa = PBXSourcesBuildPhase;
			buildActionMask = 0;
			files = (
				8BA48E3424FC3C10004D70A9 /* Joystick.swift in Sources */,
				8BA48E3524FC3C10004D70A9 /* JoystickLink.swift in Sources */,
				8BA48E3824FC3C10004D70A9 /* JoystickThumbstick.swift in Sources */,
				8BA48E3924FC3C10004D70A9 /* JoystickDpad.swift in Sources */,
				8BA48E3624FC3C10004D70A9 /* JoystickButtons.swift in Sources */,
				8BA48E3A24FC3C10004D70A9 /* DirectionalAction.swift in Sources */,
				8BA48E3724FC3C10004D70A9 /* ButtonAction.swift in Sources */,
			);
			runOnlyForDeploymentPostprocessing = 0;
		};
		OBJ_40 /* Sources */ = {
			isa = PBXSourcesBuildPhase;
			buildActionMask = 0;
			files = (
				OBJ_41 /* Package.swift in Sources */,
			);
			runOnlyForDeploymentPostprocessing = 0;
		};
		OBJ_51 /* Sources */ = {
			isa = PBXSourcesBuildPhase;
			buildActionMask = 0;
			files = (
				OBJ_52 /* ControlGameKitButtonsTests.swift in Sources */,
				OBJ_53 /* ControlGameKitDirectionalTests.swift in Sources */,
				OBJ_54 /* ControlGameKitThumbstickTests.swift in Sources */,
				OBJ_55 /* DeallocationTests.swift in Sources */,
				OBJ_56 /* JoystickLinkTests.swift in Sources */,
				OBJ_57 /* GCControllerDirectionPadMock+Dpad.swift in Sources */,
				OBJ_58 /* GCExtendedGamepadMock+Actions.swift in Sources */,
				OBJ_59 /* GCControllerDirectionPadMock.swift in Sources */,
				OBJ_60 /* GCControllerMock.swift in Sources */,
				OBJ_61 /* GCExtendedGamepadMock.swift in Sources */,
			);
			runOnlyForDeploymentPostprocessing = 0;
		};
/* End PBXSourcesBuildPhase section */

/* Begin PBXTargetDependency section */
		OBJ_46 /* PBXTargetDependency */ = {
			isa = PBXTargetDependency;
			target = "ControlGameKit::ControlGameKitTests" /* ControlGameKitTests */;
			targetProxy = 8BA48E2624FC3BCB004D70A9 /* PBXContainerItemProxy */;
		};
		OBJ_64 /* PBXTargetDependency */ = {
			isa = PBXTargetDependency;
			target = "ControlGameKit::ControlGameKit" /* ControlGameKit */;
			targetProxy = 8BA48E2524FC3BC9004D70A9 /* PBXContainerItemProxy */;
		};
/* End PBXTargetDependency section */

/* Begin XCBuildConfiguration section */
		OBJ_3 /* Debug */ = {
			isa = XCBuildConfiguration;
			buildSettings = {
				CLANG_ENABLE_OBJC_ARC = YES;
				COMBINE_HIDPI_IMAGES = YES;
				COPY_PHASE_STRIP = NO;
				DEBUG_INFORMATION_FORMAT = dwarf;
				DYLIB_INSTALL_NAME_BASE = "@rpath";
				ENABLE_NS_ASSERTIONS = YES;
				GCC_OPTIMIZATION_LEVEL = 0;
				GCC_PREPROCESSOR_DEFINITIONS = (
					"$(inherited)",
					"SWIFT_PACKAGE=1",
					"DEBUG=1",
				);
				MACOSX_DEPLOYMENT_TARGET = 10.10;
				ONLY_ACTIVE_ARCH = YES;
				OTHER_SWIFT_FLAGS = "$(inherited) -DXcode";
				PRODUCT_NAME = "$(TARGET_NAME)";
				SDKROOT = macosx;
				SUPPORTED_PLATFORMS = "macosx iphoneos iphonesimulator appletvos appletvsimulator watchos watchsimulator";
				SWIFT_ACTIVE_COMPILATION_CONDITIONS = "$(inherited) SWIFT_PACKAGE DEBUG";
				SWIFT_OPTIMIZATION_LEVEL = "-Onone";
				USE_HEADERMAP = NO;
			};
			name = Debug;
		};
		OBJ_31 /* Debug */ = {
			isa = XCBuildConfiguration;
			buildSettings = {
				ENABLE_TESTABILITY = YES;
				FRAMEWORK_SEARCH_PATHS = (
					"$(inherited)",
					"$(PLATFORM_DIR)/Developer/Library/Frameworks",
				);
				HEADER_SEARCH_PATHS = "$(inherited)";
				INFOPLIST_FILE = ControlGameKit.xcodeproj/ControlGameKit_Info.plist;
				IPHONEOS_DEPLOYMENT_TARGET = 8.0;
				LD_RUNPATH_SEARCH_PATHS = "$(inherited) $(TOOLCHAIN_DIR)/usr/lib/swift/macosx";
				MACOSX_DEPLOYMENT_TARGET = 10.10;
				MARKETING_VERSION = 1.0.0;
				OTHER_CFLAGS = "$(inherited)";
				OTHER_LDFLAGS = "$(inherited)";
				OTHER_SWIFT_FLAGS = "$(inherited)";
				PRODUCT_BUNDLE_IDENTIFIER = ControlGameKit;
				PRODUCT_MODULE_NAME = "$(TARGET_NAME:c99extidentifier)";
				PRODUCT_NAME = "$(TARGET_NAME:c99extidentifier)";
				SKIP_INSTALL = YES;
				SWIFT_ACTIVE_COMPILATION_CONDITIONS = "$(inherited)";
				SWIFT_VERSION = 5.0;
				TARGET_NAME = ControlGameKit;
				TVOS_DEPLOYMENT_TARGET = 9.0;
				WATCHOS_DEPLOYMENT_TARGET = 2.0;
			};
			name = Debug;
		};
		OBJ_32 /* Release */ = {
			isa = XCBuildConfiguration;
			buildSettings = {
				ENABLE_TESTABILITY = YES;
				FRAMEWORK_SEARCH_PATHS = (
					"$(inherited)",
					"$(PLATFORM_DIR)/Developer/Library/Frameworks",
				);
				HEADER_SEARCH_PATHS = "$(inherited)";
				INFOPLIST_FILE = ControlGameKit.xcodeproj/ControlGameKit_Info.plist;
				IPHONEOS_DEPLOYMENT_TARGET = 8.0;
				LD_RUNPATH_SEARCH_PATHS = "$(inherited) $(TOOLCHAIN_DIR)/usr/lib/swift/macosx";
				MACOSX_DEPLOYMENT_TARGET = 10.10;
				MARKETING_VERSION = 1.0.0;
				OTHER_CFLAGS = "$(inherited)";
				OTHER_LDFLAGS = "$(inherited)";
				OTHER_SWIFT_FLAGS = "$(inherited)";
				PRODUCT_BUNDLE_IDENTIFIER = ControlGameKit;
				PRODUCT_MODULE_NAME = "$(TARGET_NAME:c99extidentifier)";
				PRODUCT_NAME = "$(TARGET_NAME:c99extidentifier)";
				SKIP_INSTALL = YES;
				SWIFT_ACTIVE_COMPILATION_CONDITIONS = "$(inherited)";
				SWIFT_VERSION = 5.0;
				TARGET_NAME = ControlGameKit;
				TVOS_DEPLOYMENT_TARGET = 9.0;
				WATCHOS_DEPLOYMENT_TARGET = 2.0;
			};
			name = Release;
		};
		OBJ_38 /* Debug */ = {
			isa = XCBuildConfiguration;
			buildSettings = {
				LD = /usr/bin/true;
				OTHER_SWIFT_FLAGS = "-swift-version 5 -I $(TOOLCHAIN_DIR)/usr/lib/swift/pm/4_2 -target x86_64-apple-macosx10.10 -sdk /Applications/Xcode.app/Contents/Developer/Platforms/MacOSX.platform/Developer/SDKs/MacOSX10.15.sdk -package-description-version 5.2.0";
				SWIFT_VERSION = 5.0;
			};
			name = Debug;
		};
		OBJ_39 /* Release */ = {
			isa = XCBuildConfiguration;
			buildSettings = {
				LD = /usr/bin/true;
				OTHER_SWIFT_FLAGS = "-swift-version 5 -I $(TOOLCHAIN_DIR)/usr/lib/swift/pm/4_2 -target x86_64-apple-macosx10.10 -sdk /Applications/Xcode.app/Contents/Developer/Platforms/MacOSX.platform/Developer/SDKs/MacOSX10.15.sdk -package-description-version 5.2.0";
				SWIFT_VERSION = 5.0;
			};
			name = Release;
		};
		OBJ_4 /* Release */ = {
			isa = XCBuildConfiguration;
			buildSettings = {
				CLANG_ENABLE_OBJC_ARC = YES;
				COMBINE_HIDPI_IMAGES = YES;
				COPY_PHASE_STRIP = YES;
				DEBUG_INFORMATION_FORMAT = "dwarf-with-dsym";
				DYLIB_INSTALL_NAME_BASE = "@rpath";
				GCC_OPTIMIZATION_LEVEL = s;
				GCC_PREPROCESSOR_DEFINITIONS = (
					"$(inherited)",
					"SWIFT_PACKAGE=1",
				);
				MACOSX_DEPLOYMENT_TARGET = 10.10;
				OTHER_SWIFT_FLAGS = "$(inherited) -DXcode";
				PRODUCT_NAME = "$(TARGET_NAME)";
				SDKROOT = macosx;
				SUPPORTED_PLATFORMS = "macosx iphoneos iphonesimulator appletvos appletvsimulator watchos watchsimulator";
				SWIFT_ACTIVE_COMPILATION_CONDITIONS = "$(inherited) SWIFT_PACKAGE";
				SWIFT_OPTIMIZATION_LEVEL = "-Owholemodule";
				USE_HEADERMAP = NO;
			};
			name = Release;
		};
		OBJ_44 /* Debug */ = {
			isa = XCBuildConfiguration;
			buildSettings = {
			};
			name = Debug;
		};
		OBJ_45 /* Release */ = {
			isa = XCBuildConfiguration;
			buildSettings = {
			};
			name = Release;
		};
		OBJ_49 /* Debug */ = {
			isa = XCBuildConfiguration;
			buildSettings = {
				CLANG_ENABLE_MODULES = YES;
				EMBEDDED_CONTENT_CONTAINS_SWIFT = YES;
				FRAMEWORK_SEARCH_PATHS = (
					"$(inherited)",
					"$(PLATFORM_DIR)/Developer/Library/Frameworks",
				);
				HEADER_SEARCH_PATHS = "$(inherited)";
				INFOPLIST_FILE = ControlGameKit.xcodeproj/ControlGameKitTests_Info.plist;
				IPHONEOS_DEPLOYMENT_TARGET = 8.0;
				LD_RUNPATH_SEARCH_PATHS = "$(inherited) @loader_path/../Frameworks @loader_path/Frameworks";
				MACOSX_DEPLOYMENT_TARGET = 10.10;
				OTHER_CFLAGS = "$(inherited)";
				OTHER_LDFLAGS = "$(inherited)";
				OTHER_SWIFT_FLAGS = "$(inherited)";
				SWIFT_ACTIVE_COMPILATION_CONDITIONS = "$(inherited)";
				SWIFT_VERSION = 5.0;
				TARGET_NAME = ControlGameKitTests;
				TVOS_DEPLOYMENT_TARGET = 9.0;
				WATCHOS_DEPLOYMENT_TARGET = 2.0;
			};
			name = Debug;
		};
		OBJ_50 /* Release */ = {
			isa = XCBuildConfiguration;
			buildSettings = {
				CLANG_ENABLE_MODULES = YES;
				EMBEDDED_CONTENT_CONTAINS_SWIFT = YES;
				FRAMEWORK_SEARCH_PATHS = (
					"$(inherited)",
					"$(PLATFORM_DIR)/Developer/Library/Frameworks",
				);
				HEADER_SEARCH_PATHS = "$(inherited)";
				INFOPLIST_FILE = ControlGameKit.xcodeproj/ControlGameKitTests_Info.plist;
				IPHONEOS_DEPLOYMENT_TARGET = 8.0;
				LD_RUNPATH_SEARCH_PATHS = "$(inherited) @loader_path/../Frameworks @loader_path/Frameworks";
				MACOSX_DEPLOYMENT_TARGET = 10.10;
				OTHER_CFLAGS = "$(inherited)";
				OTHER_LDFLAGS = "$(inherited)";
				OTHER_SWIFT_FLAGS = "$(inherited)";
				SWIFT_ACTIVE_COMPILATION_CONDITIONS = "$(inherited)";
				SWIFT_VERSION = 5.0;
				TARGET_NAME = ControlGameKitTests;
				TVOS_DEPLOYMENT_TARGET = 9.0;
				WATCHOS_DEPLOYMENT_TARGET = 2.0;
			};
			name = Release;
		};
/* End XCBuildConfiguration section */

/* Begin XCConfigurationList section */
		OBJ_2 /* Build configuration list for PBXProject "ControlGameKit" */ = {
			isa = XCConfigurationList;
			buildConfigurations = (
				OBJ_3 /* Debug */,
				OBJ_4 /* Release */,
			);
			defaultConfigurationIsVisible = 0;
			defaultConfigurationName = Release;
		};
		OBJ_30 /* Build configuration list for PBXNativeTarget "ControlGameKit" */ = {
			isa = XCConfigurationList;
			buildConfigurations = (
				OBJ_31 /* Debug */,
				OBJ_32 /* Release */,
			);
			defaultConfigurationIsVisible = 0;
			defaultConfigurationName = Release;
		};
		OBJ_37 /* Build configuration list for PBXNativeTarget "ControlGameKitPackageDescription" */ = {
			isa = XCConfigurationList;
			buildConfigurations = (
				OBJ_38 /* Debug */,
				OBJ_39 /* Release */,
			);
			defaultConfigurationIsVisible = 0;
			defaultConfigurationName = Release;
		};
		OBJ_43 /* Build configuration list for PBXAggregateTarget "ControlGameKitPackageTests" */ = {
			isa = XCConfigurationList;
			buildConfigurations = (
				OBJ_44 /* Debug */,
				OBJ_45 /* Release */,
			);
			defaultConfigurationIsVisible = 0;
			defaultConfigurationName = Release;
		};
		OBJ_48 /* Build configuration list for PBXNativeTarget "ControlGameKitTests" */ = {
			isa = XCConfigurationList;
			buildConfigurations = (
				OBJ_49 /* Debug */,
				OBJ_50 /* Release */,
			);
			defaultConfigurationIsVisible = 0;
			defaultConfigurationName = Release;
		};
/* End XCConfigurationList section */
	};
	rootObject = OBJ_1 /* Project object */;
}
